{
  "version": 4,
  "terraform_version": "1.5.4",
  "serial": 28,
  "lineage": "d4dc0673-f722-df17-fb85-4d568814def6",
  "outputs": {},
  "resources": [
    {
      "mode": "managed",
      "type": "digitalocean_droplet",
      "name": "octa-dockerapps",
      "provider": "provider[\"registry.terraform.io/digitalocean/digitalocean\"]",
      "instances": [
        {
          "schema_version": 1,
          "attributes": {
            "backups": false,
            "created_at": "2023-08-02T11:50:37Z",
            "disk": 50,
            "droplet_agent": null,
            "graceful_shutdown": false,
            "id": "368103293",
            "image": "ubuntu-22-04-x64",
            "ipv4_address": "159.223.180.108",
            "ipv4_address_private": "10.116.0.2",
            "ipv6": false,
            "ipv6_address": "",
            "locked": false,
            "memory": 2048,
            "monitoring": false,
            "name": "server-apps",
            "price_hourly": 0.01786,
            "price_monthly": 12,
            "private_networking": true,
            "region": "nyc1",
            "resize_disk": true,
            "size": "s-1vcpu-2gb",
            "ssh_keys": [
              "a5:ea:e9:65:27:2d:51:ae:86:63:2e:93:d2:8d:24:5b"
            ],
            "status": "active",
            "tags": null,
            "timeouts": null,
            "urn": "do:droplet:368103293",
            "user_data": null,
            "vcpus": 1,
            "volume_ids": [],
            "vpc_uuid": "c9aef56f-5084-4216-8dfe-ceb6b1664cd1"
          },
          "sensitive_attributes": [],
          "private": "eyJlMmJmYjczMC1lY2FhLTExZTYtOGY4OC0zNDM2M2JjN2M0YzAiOnsiY3JlYXRlIjozNjAwMDAwMDAwMDAwLCJkZWxldGUiOjYwMDAwMDAwMDAwLCJ1cGRhdGUiOjM2MDAwMDAwMDAwMDB9LCJzY2hlbWFfdmVyc2lvbiI6IjEifQ==",
          "dependencies": [
            "digitalocean_ssh_key.moud-sshkey"
          ]
        }
      ]
    },
    {
      "mode": "managed",
      "type": "digitalocean_floating_ip",
      "name": "octa-flotting-ip",
      "provider": "provider[\"registry.terraform.io/digitalocean/digitalocean\"]",
      "instances": [
        {
          "schema_version": 0,
          "attributes": {
            "droplet_id": 368103293,
            "id": "24.144.64.99",
            "ip_address": "24.144.64.99",
            "region": "nyc1",
            "urn": "do:floatingip:24.144.64.99"
          },
          "sensitive_attributes": [],
          "private": "bnVsbA==",
          "dependencies": [
            "digitalocean_droplet.octa-dockerapps",
            "digitalocean_ssh_key.moud-sshkey"
          ]
        }
      ]
    },
    {
      "mode": "managed",
      "type": "digitalocean_ssh_key",
      "name": "moud-sshkey",
      "provider": "provider[\"registry.terraform.io/digitalocean/digitalocean\"]",
      "instances": [
        {
          "schema_version": 0,
          "attributes": {
            "fingerprint": "a5:ea:e9:65:27:2d:51:ae:86:63:2e:93:d2:8d:24:5b",
            "id": "39004585",
            "name": "moud-sshkey",
            "public_key": "ssh-rsa AAAAB3NzaC1yc2EAAAADAQABAAABgQDOwk0ax1DPhAKldxgSm7d6gdV4BiIjXNpJHpRFm+lK3TWTOph9loxT6m+A865B/OobOpdwQlYokz/XO/+QAutoQiuPzj9VBXmVZtOgyWuvjIFE2mqhhX5tgSKqgaS50+tJRIb+r5ScKgM7MUbG8br8bupxS9dESQBHJ2WXXvl4MfahuKc5Ltl3hwhjkr1Sfb/YZVhgr5IFAdawuCo9zOjX6YVIgzBIYEtS9AQUh85EtL7LJ7sd1wS3L4moIVNaaBV5HLHgKHkXj1MhMXfvxUQ3KLI0s9EEDPCCxX2NH1g2C5859zBbKYMWrpNm6XNHlcgNkbYB6/+3aQDIhQ43lO5JkOtNoYEzuEDCAmpWt0YV3xJNI3Iguoke5AT42OkdzKv/pt2ZeRT6r3h3aiqeaM8jpFwpqOTJcsstQNuWRyrYkyB/2Zwo+S3tC2IOkS4NOXfQ47xGSgexLq1B06o4ao+n3VJTz9XwwnPafIiFsZBchZKFX+Lbtw39qFOGvcDw0+s= moud@MacBook-Pro-de-MOUD.local"
          },
          "sensitive_attributes": [],
          "private": "bnVsbA=="
        }
      ]
    }
  ],
  "check_results": null
}
